
Microsoft Visual Studio Solution File, Format Version 12.00
# Visual Studio 2013
VisualStudioVersion = 12.0.30723.0
MinimumVisualStudioVersion = 10.0.40219.1
Project("{FAE04EC0-301F-11D3-BF4B-00C04F79EFBC}") = "DAL.Interface", "DAL.Interface\DAL.Interface.csproj", "{A203CDC9-C3E2-4BCF-B861-D11DD7C5FABB}"
EndProject
Project("{FAE04EC0-301F-11D3-BF4B-00C04F79EFBC}") = "ORM", "ORM\ORM.csproj", "{14CF7826-9BEB-4115-B008-72266809866E}"
EndProject
Project("{FAE04EC0-301F-11D3-BF4B-00C04F79EFBC}") = "DAL", "DAL\DAL.csproj", "{1E4E2772-1311-4D42-8642-EC6250128FAD}"
EndProject
Project("{FAE04EC0-301F-11D3-BF4B-00C04F79EFBC}") = "BLL.Interface", "BLL.Interface\BLL.Interface.csproj", "{8B1DF949-A3F2-47B1-BC96-BF8D75FDEB0B}"
EndProject
Project("{FAE04EC0-301F-11D3-BF4B-00C04F79EFBC}") = "BLL", "BLL\BLL.csproj", "{8CA6A93D-AC12-49BD-AA39-ABE081606944}"
EndProject
Project("{FAE04EC0-301F-11D3-BF4B-00C04F79EFBC}") = "DependencyResolver", "DependencyResolver\DependencyResolver.csproj", "{BE24352D-18A3-4333-8926-7C59E3D551B7}"
EndProject
Project("{FAE04EC0-301F-11D3-BF4B-00C04F79EFBC}") = "MvcAutomation", "MvcAutomation\MvcAutomation.csproj", "{C145A1AE-26EB-4237-9A8A-965086B4E76A}"
EndProject
Global
	GlobalSection(SolutionConfigurationPlatforms) = preSolution
		Debug|Any CPU = Debug|Any CPU
		Release|Any CPU = Release|Any CPU
	EndGlobalSection
	GlobalSection(ProjectConfigurationPlatforms) = postSolution
		{A203CDC9-C3E2-4BCF-B861-D11DD7C5FABB}.Debug|Any CPU.ActiveCfg = Debug|Any CPU
		{A203CDC9-C3E2-4BCF-B861-D11DD7C5FABB}.Debug|Any CPU.Build.0 = Debug|Any CPU
		{A203CDC9-C3E2-4BCF-B861-D11DD7C5FABB}.Release|Any CPU.ActiveCfg = Release|Any CPU
		{A203CDC9-C3E2-4BCF-B861-D11DD7C5FABB}.Release|Any CPU.Build.0 = Release|Any CPU
		{14CF7826-9BEB-4115-B008-72266809866E}.Debug|Any CPU.ActiveCfg = Debug|Any CPU
		{14CF7826-9BEB-4115-B008-72266809866E}.Debug|Any CPU.Build.0 = Debug|Any CPU
		{14CF7826-9BEB-4115-B008-72266809866E}.Release|Any CPU.ActiveCfg = Release|Any CPU
		{14CF7826-9BEB-4115-B008-72266809866E}.Release|Any CPU.Build.0 = Release|Any CPU
		{1E4E2772-1311-4D42-8642-EC6250128FAD}.Debug|Any CPU.ActiveCfg = Debug|Any CPU
		{1E4E2772-1311-4D42-8642-EC6250128FAD}.Debug|Any CPU.Build.0 = Debug|Any CPU
		{1E4E2772-1311-4D42-8642-EC6250128FAD}.Release|Any CPU.ActiveCfg = Release|Any CPU
		{1E4E2772-1311-4D42-8642-EC6250128FAD}.Release|Any CPU.Build.0 = Release|Any CPU
		{8B1DF949-A3F2-47B1-BC96-BF8D75FDEB0B}.Debug|Any CPU.ActiveCfg = Debug|Any CPU
		{8B1DF949-A3F2-47B1-BC96-BF8D75FDEB0B}.Debug|Any CPU.Build.0 = Debug|Any CPU
		{8B1DF949-A3F2-47B1-BC96-BF8D75FDEB0B}.Release|Any CPU.ActiveCfg = Release|Any CPU
		{8B1DF949-A3F2-47B1-BC96-BF8D75FDEB0B}.Release|Any CPU.Build.0 = Release|Any CPU
		{8CA6A93D-AC12-49BD-AA39-ABE081606944}.Debug|Any CPU.ActiveCfg = Debug|Any CPU
		{8CA6A93D-AC12-49BD-AA39-ABE081606944}.Debug|Any CPU.Build.0 = Debug|Any CPU
		{8CA6A93D-AC12-49BD-AA39-ABE081606944}.Release|Any CPU.ActiveCfg = Release|Any CPU
		{8CA6A93D-AC12-49BD-AA39-ABE081606944}.Release|Any CPU.Build.0 = Release|Any CPU
		{BE24352D-18A3-4333-8926-7C59E3D551B7}.Debug|Any CPU.ActiveCfg = Debug|Any CPU
		{BE24352D-18A3-4333-8926-7C59E3D551B7}.Debug|Any CPU.Build.0 = Debug|Any CPU
		{BE24352D-18A3-4333-8926-7C59E3D551B7}.Release|Any CPU.ActiveCfg = Release|Any CPU
		{BE24352D-18A3-4333-8926-7C59E3D551B7}.Release|Any CPU.Build.0 = Release|Any CPU
		{C145A1AE-26EB-4237-9A8A-965086B4E76A}.Debug|Any CPU.ActiveCfg = Debug|Any CPU
		{C145A1AE-26EB-4237-9A8A-965086B4E76A}.Debug|Any CPU.Build.0 = Debug|Any CPU
		{C145A1AE-26EB-4237-9A8A-965086B4E76A}.Release|Any CPU.ActiveCfg = Release|Any CPU
		{C145A1AE-26EB-4237-9A8A-965086B4E76A}.Release|Any CPU.Build.0 = Release|Any CPU
	EndGlobalSection
	GlobalSection(SolutionProperties) = preSolution
		HideSolutionNode = FALSE
	EndGlobalSection
EndGlobal
